
Microsoft Visual Studio Solution File, Format Version 12.00
# Visual Studio Version 16
VisualStudioVersion = 16.0.30204.135
MinimumVisualStudioVersion = 10.0.40219.1
Project("{9A19103F-16F7-4668-BE54-9A1E7A4F7556}") = "Sp.DataConnector", "Sp.DataConnector\Sp.DataConnector.csproj", "{A6E54DF9-BA43-432C-8AC5-48F3BE0F200E}"
EndProject
Project("{9A19103F-16F7-4668-BE54-9A1E7A4F7556}") = "Sp.DataConnector.Logic", "Sp.DataConnector.Logic\Sp.DataConnector.Logic.csproj", "{1733A7C6-636C-4FB7-ACF0-20823E1759DB}"
EndProject
Project("{FAE04EC0-301F-11D3-BF4B-00C04F79EFBC}") = "SearchAddIn", "SearchAddIn\SearchAddIn.csproj", "{69FCC2C9-3D0E-4D1D-97C7-14DE6D81249B}"
EndProject
Global
	GlobalSection(SolutionConfigurationPlatforms) = preSolution
		Debug|Any CPU = Debug|Any CPU
		Release|Any CPU = Release|Any CPU
	EndGlobalSection
	GlobalSection(ProjectConfigurationPlatforms) = postSolution
		{A6E54DF9-BA43-432C-8AC5-48F3BE0F200E}.Debug|Any CPU.ActiveCfg = Debug|Any CPU
		{A6E54DF9-BA43-432C-8AC5-48F3BE0F200E}.Debug|Any CPU.Build.0 = Debug|Any CPU
		{A6E54DF9-BA43-432C-8AC5-48F3BE0F200E}.Release|Any CPU.ActiveCfg = Release|Any CPU
		{A6E54DF9-BA43-432C-8AC5-48F3BE0F200E}.Release|Any CPU.Build.0 = Release|Any CPU
		{1733A7C6-636C-4FB7-ACF0-20823E1759DB}.Debug|Any CPU.ActiveCfg = Debug|Any CPU
		{1733A7C6-636C-4FB7-ACF0-20823E1759DB}.Debug|Any CPU.Build.0 = Debug|Any CPU
		{1733A7C6-636C-4FB7-ACF0-20823E1759DB}.Release|Any CPU.ActiveCfg = Release|Any CPU
		{1733A7C6-636C-4FB7-ACF0-20823E1759DB}.Release|Any CPU.Build.0 = Release|Any CPU
		{69FCC2C9-3D0E-4D1D-97C7-14DE6D81249B}.Debug|Any CPU.ActiveCfg = Debug|Any CPU
		{69FCC2C9-3D0E-4D1D-97C7-14DE6D81249B}.Debug|Any CPU.Build.0 = Debug|Any CPU
		{69FCC2C9-3D0E-4D1D-97C7-14DE6D81249B}.Debug|Any CPU.Deploy.0 = Debug|Any CPU
		{69FCC2C9-3D0E-4D1D-97C7-14DE6D81249B}.Release|Any CPU.ActiveCfg = Release|Any CPU
		{69FCC2C9-3D0E-4D1D-97C7-14DE6D81249B}.Release|Any CPU.Build.0 = Release|Any CPU
		{69FCC2C9-3D0E-4D1D-97C7-14DE6D81249B}.Release|Any CPU.Deploy.0 = Release|Any CPU
	EndGlobalSection
	GlobalSection(SolutionProperties) = preSolution
		HideSolutionNode = FALSE
	EndGlobalSection
	GlobalSection(ExtensibilityGlobals) = postSolution
		SolutionGuid = {3ABEB257-E8C7-4743-B502-832DD4F51155}
	EndGlobalSection
EndGlobal
